
Microsoft Visual Studio Solution File, Format Version 12.00
# Visual Studio Version 17
VisualStudioVersion = 17.0.31903.59
MinimumVisualStudioVersion = 10.0.40219.1
Project("{2150E333-8FDC-42A3-9474-1A3956D46DE8}") = "src", "src", "{2D0259DD-AB6F-4D96-845E-B1F5364CD5BF}"
EndProject
Project("{FAE04EC0-301F-11D3-BF4B-00C04F79EFBC}") = "api", "src\api\api.csproj", "{251DDBCA-EB37-45CC-A2EE-E3A96F5FE3DC}"
EndProject
Global
	GlobalSection(SolutionConfigurationPlatforms) = preSolution
		Debug|Any CPU = Debug|Any CPU
		Release|Any CPU = Release|Any CPU
	EndGlobalSection
	GlobalSection(SolutionProperties) = preSolution
		HideSolutionNode = FALSE
	EndGlobalSection
	GlobalSection(ProjectConfigurationPlatforms) = postSolution
		{251DDBCA-EB37-45CC-A2EE-E3A96F5FE3DC}.Debug|Any CPU.ActiveCfg = Debug|Any CPU
		{251DDBCA-EB37-45CC-A2EE-E3A96F5FE3DC}.Debug|Any CPU.Build.0 = Debug|Any CPU
		{251DDBCA-EB37-45CC-A2EE-E3A96F5FE3DC}.Release|Any CPU.ActiveCfg = Release|Any CPU
		{251DDBCA-EB37-45CC-A2EE-E3A96F5FE3DC}.Release|Any CPU.Build.0 = Release|Any CPU
	EndGlobalSection
	GlobalSection(NestedProjects) = preSolution
		{251DDBCA-EB37-45CC-A2EE-E3A96F5FE3DC} = {2D0259DD-AB6F-4D96-845E-B1F5364CD5BF}
	EndGlobalSection
EndGlobal
